
Microsoft Visual Studio Solution File, Format Version 12.00
# Visual Studio Version 16
VisualStudioVersion = 16.0.29009.5
MinimumVisualStudioVersion = 10.0.40219.1
Project("{FAE04EC0-301F-11D3-BF4B-00C04F79EFBC}") = "ExampleProjectWpfMvvmLightIHM", "ExampleProjectWpfMvvmLightIHM\ExampleProjectWpfMvvmLightIHM.csproj", "{8DDA26B2-896C-484C-AA53-4E996A86920D}"
EndProject
Global
	GlobalSection(SolutionConfigurationPlatforms) = preSolution
		Debug|Any CPU = Debug|Any CPU
		Release|Any CPU = Release|Any CPU
	EndGlobalSection
	GlobalSection(ProjectConfigurationPlatforms) = postSolution
		{8DDA26B2-896C-484C-AA53-4E996A86920D}.Debug|Any CPU.ActiveCfg = Debug|Any CPU
		{8DDA26B2-896C-484C-AA53-4E996A86920D}.Debug|Any CPU.Build.0 = Debug|Any CPU
		{8DDA26B2-896C-484C-AA53-4E996A86920D}.Release|Any CPU.ActiveCfg = Release|Any CPU
		{8DDA26B2-896C-484C-AA53-4E996A86920D}.Release|Any CPU.Build.0 = Release|Any CPU
	EndGlobalSection
	GlobalSection(SolutionProperties) = preSolution
		HideSolutionNode = FALSE
	EndGlobalSection
	GlobalSection(ExtensibilityGlobals) = postSolution
		SolutionGuid = {C39BC0C1-00B4-4345-B94E-7F68842EB3EE}
	EndGlobalSection
EndGlobal
